// !$*UTF8*$!
{
	archiveVersion = 1;
	classes = {
	};
	objectVersion = 56;
	objects = {

/* Begin PBXBuildFile section */
		3A1473DAAA1BD3A1A5C8408F /* Pods_KSSpike.framework in Frameworks */ = {isa = PBXBuildFile; fileRef = AB5B18C3833C7032F5A9C84C /* Pods_KSSpike.framework */; };
		F28C34162AD5BDD000FE4C96 /* KSSpike.h in Headers */ = {isa = PBXBuildFile; fileRef = F28C34152AD5BDD000FE4C96 /* KSSpike.h */; settings = {ATTRIBUTES = (Public, ); }; };
		F28C341D2AD5BECF00FE4C96 /* General.swift in Sources */ = {isa = PBXBuildFile; fileRef = F28C341C2AD5BECF00FE4C96 /* General.swift */; };
		F28C341F2AD5BFD100FE4C96 /* Advanced.swift in Sources */ = {isa = PBXBuildFile; fileRef = F28C341E2AD5BFD100FE4C96 /* Advanced.swift */; };
/* End PBXBuildFile section */

/* Begin PBXFileReference section */
		832A58ECD1C13CA1AFA3DB67 /* Pods-KSSpike.debug.xcconfig */ = {isa = PBXFileReference; includeInIndex = 1; lastKnownFileType = text.xcconfig; name = "Pods-KSSpike.debug.xcconfig"; path = "Target Support Files/Pods-KSSpike/Pods-KSSpike.debug.xcconfig"; sourceTree = "<group>"; };
		9408CE665A24A2871047566C /* Pods-KSSpike.release.xcconfig */ = {isa = PBXFileReference; includeInIndex = 1; lastKnownFileType = text.xcconfig; name = "Pods-KSSpike.release.xcconfig"; path = "Target Support Files/Pods-KSSpike/Pods-KSSpike.release.xcconfig"; sourceTree = "<group>"; };
		AB5B18C3833C7032F5A9C84C /* Pods_KSSpike.framework */ = {isa = PBXFileReference; explicitFileType = wrapper.framework; includeInIndex = 0; path = Pods_KSSpike.framework; sourceTree = BUILT_PRODUCTS_DIR; };
		F28C34122AD5BDD000FE4C96 /* KSSpike.framework */ = {isa = PBXFileReference; explicitFileType = wrapper.framework; includeInIndex = 0; path = KSSpike.framework; sourceTree = BUILT_PRODUCTS_DIR; };
		F28C34152AD5BDD000FE4C96 /* KSSpike.h */ = {isa = PBXFileReference; lastKnownFileType = sourcecode.c.h; path = KSSpike.h; sourceTree = "<group>"; };
		F28C341C2AD5BECF00FE4C96 /* General.swift */ = {isa = PBXFileReference; lastKnownFileType = sourcecode.swift; path = General.swift; sourceTree = "<group>"; };
		F28C341E2AD5BFD100FE4C96 /* Advanced.swift */ = {isa = PBXFileReference; lastKnownFileType = sourcecode.swift; path = Advanced.swift; sourceTree = "<group>"; };
/* End PBXFileReference section */

/* Begin PBXFrameworksBuildPhase section */
		F28C340F2AD5BDD000FE4C96 /* Frameworks */ = {
			isa = PBXFrameworksBuildPhase;
			buildActionMask = 2147483647;
			files = (
				3A1473DAAA1BD3A1A5C8408F /* Pods_KSSpike.framework in Frameworks */,
			);
			runOnlyForDeploymentPostprocessing = 0;
		};
/* End PBXFrameworksBuildPhase section */

/* Begin PBXGroup section */
		140E946121E11607A3AEC7D6 /* Frameworks */ = {
			isa = PBXGroup;
			children = (
				AB5B18C3833C7032F5A9C84C /* Pods_KSSpike.framework */,
			);
			name = Frameworks;
			sourceTree = "<group>";
		};
		4C171C1DCA7A5DC3E51B42DE /* Pods */ = {
			isa = PBXGroup;
			children = (
				832A58ECD1C13CA1AFA3DB67 /* Pods-KSSpike.debug.xcconfig */,
				9408CE665A24A2871047566C /* Pods-KSSpike.release.xcconfig */,
			);
			path = Pods;
			sourceTree = "<group>";
		};
		F28C34082AD5BDD000FE4C96 = {
			isa = PBXGroup;
			children = (
				F28C34142AD5BDD000FE4C96 /* KSSpike */,
				F28C34132AD5BDD000FE4C96 /* Products */,
				4C171C1DCA7A5DC3E51B42DE /* Pods */,
				140E946121E11607A3AEC7D6 /* Frameworks */,
			);
			sourceTree = "<group>";
		};
		F28C34132AD5BDD000FE4C96 /* Products */ = {
			isa = PBXGroup;
			children = (
				F28C34122AD5BDD000FE4C96 /* KSSpike.framework */,
			);
			name = Products;
			sourceTree = "<group>";
		};
		F28C34142AD5BDD000FE4C96 /* KSSpike */ = {
			isa = PBXGroup;
			children = (
				F28C34212AD5C29A00FE4C96 /* Advanced */,
				F28C34202AD5C29000FE4C96 /* SDK */,
				F28C34152AD5BDD000FE4C96 /* KSSpike.h */,
			);
			path = KSSpike;
			sourceTree = "<group>";
		};
		F28C34202AD5C29000FE4C96 /* SDK */ = {
			isa = PBXGroup;
			children = (
				F28C341C2AD5BECF00FE4C96 /* General.swift */,
			);
			path = SDK;
			sourceTree = "<group>";
		};
		F28C34212AD5C29A00FE4C96 /* Advanced */ = {
			isa = PBXGroup;
			children = (
				F28C341E2AD5BFD100FE4C96 /* Advanced.swift */,
			);
			path = Advanced;
			sourceTree = "<group>";
		};
/* End PBXGroup section */

/* Begin PBXHeadersBuildPhase section */
		F28C340D2AD5BDD000FE4C96 /* Headers */ = {
			isa = PBXHeadersBuildPhase;
			buildActionMask = 2147483647;
			files = (
				F28C34162AD5BDD000FE4C96 /* KSSpike.h in Headers */,
			);
			runOnlyForDeploymentPostprocessing = 0;
		};
/* End PBXHeadersBuildPhase section */

/* Begin PBXNativeTarget section */
		F28C34112AD5BDD000FE4C96 /* KSSpike */ = {
			isa = PBXNativeTarget;
			buildConfigurationList = F28C34192AD5BDD000FE4C96 /* Build configuration list for PBXNativeTarget "KSSpike" */;
			buildPhases = (
				3DE67168ACEBD5DD215ECEF9 /* [CP] Check Pods Manifest.lock */,
				F28C340D2AD5BDD000FE4C96 /* Headers */,
				F28C340E2AD5BDD000FE4C96 /* Sources */,
				F28C340F2AD5BDD000FE4C96 /* Frameworks */,
				F28C34102AD5BDD000FE4C96 /* Resources */,
			);
			buildRules = (
			);
			dependencies = (
			);
			name = KSSpike;
			productName = KSSpike;
			productReference = F28C34122AD5BDD000FE4C96 /* KSSpike.framework */;
			productType = "com.apple.product-type.framework";
		};
/* End PBXNativeTarget section */

/* Begin PBXProject section */
		F28C34092AD5BDD000FE4C96 /* Project object */ = {
			isa = PBXProject;
			attributes = {
				BuildIndependentTargetsInParallel = 1;
				LastUpgradeCheck = 1430;
				TargetAttributes = {
					F28C34112AD5BDD000FE4C96 = {
						CreatedOnToolsVersion = 14.3.1;
						LastSwiftMigration = 1430;
					};
				};
			};
			buildConfigurationList = F28C340C2AD5BDD000FE4C96 /* Build configuration list for PBXProject "KSSpike" */;
			compatibilityVersion = "Xcode 14.0";
			developmentRegion = en;
			hasScannedForEncodings = 0;
			knownRegions = (
				en,
				Base,
			);
			mainGroup = F28C34082AD5BDD000FE4C96;
			productRefGroup = F28C34132AD5BDD000FE4C96 /* Products */;
			projectDirPath = "";
			projectRoot = "";
			targets = (
				F28C34112AD5BDD000FE4C96 /* KSSpike */,
			);
		};
/* End PBXProject section */

/* Begin PBXResourcesBuildPhase section */
		F28C34102AD5BDD000FE4C96 /* Resources */ = {
			isa = PBXResourcesBuildPhase;
			buildActionMask = 2147483647;
			files = (
			);
			runOnlyForDeploymentPostprocessing = 0;
		};
/* End PBXResourcesBuildPhase section */

/* Begin PBXShellScriptBuildPhase section */
		3DE67168ACEBD5DD215ECEF9 /* [CP] Check Pods Manifest.lock */ = {
			isa = PBXShellScriptBuildPhase;
			buildActionMask = 2147483647;
			files = (
			);
			inputFileListPaths = (
			);
			inputPaths = (
				"${PODS_PODFILE_DIR_PATH}/Podfile.lock",
				"${PODS_ROOT}/Manifest.lock",
			);
			name = "[CP] Check Pods Manifest.lock";
			outputFileListPaths = (
			);
			outputPaths = (
				"$(DERIVED_FILE_DIR)/Pods-KSSpike-checkManifestLockResult.txt",
			);
			runOnlyForDeploymentPostprocessing = 0;
			shellPath = /bin/sh;
			shellScript = "diff \"${PODS_PODFILE_DIR_PATH}/Podfile.lock\" \"${PODS_ROOT}/Manifest.lock\" > /dev/null\nif [ $? != 0 ] ; then\n    # print error to STDERR\n    echo \"error: The sandbox is not in sync with the Podfile.lock. Run 'pod install' or update your CocoaPods installation.\" >&2\n    exit 1\nfi\n# This output is used by Xcode 'outputs' to avoid re-running this script phase.\necho \"SUCCESS\" > \"${SCRIPT_OUTPUT_FILE_0}\"\n";
			showEnvVarsInLog = 0;
		};
/* End PBXShellScriptBuildPhase section */

/* Begin PBXSourcesBuildPhase section */
		F28C340E2AD5BDD000FE4C96 /* Sources */ = {
			isa = PBXSourcesBuildPhase;
			buildActionMask = 2147483647;
			files = (
				F28C341D2AD5BECF00FE4C96 /* General.swift in Sources */,
				F28C341F2AD5BFD100FE4C96 /* Advanced.swift in Sources */,
			);
			runOnlyForDeploymentPostprocessing = 0;
		};
/* End PBXSourcesBuildPhase section */

/* Begin XCBuildConfiguration section */
		F28C34172AD5BDD000FE4C96 /* Debug */ = {
			isa = XCBuildConfiguration;
			buildSettings = {
				ALWAYS_SEARCH_USER_PATHS = NO;
				CLANG_ANALYZER_NONNULL = YES;
				CLANG_ANALYZER_NUMBER_OBJECT_CONVERSION = YES_AGGRESSIVE;
				CLANG_CXX_LANGUAGE_STANDARD = "gnu++20";
				CLANG_ENABLE_MODULES = YES;
				CLANG_ENABLE_OBJC_ARC = YES;
				CLANG_ENABLE_OBJC_WEAK = YES;
				CLANG_WARN_BLOCK_CAPTURE_AUTORELEASING = YES;
				CLANG_WARN_BOOL_CONVERSION = YES;
				CLANG_WARN_COMMA = YES;
				CLANG_WARN_CONSTANT_CONVERSION = YES;
				CLANG_WARN_DEPRECATED_OBJC_IMPLEMENTATIONS = YES;
				CLANG_WARN_DIRECT_OBJC_ISA_USAGE = YES_ERROR;
				CLANG_WARN_DOCUMENTATION_COMMENTS = YES;
				CLANG_WARN_EMPTY_BODY = YES;
				CLANG_WARN_ENUM_CONVERSION = YES;
				CLANG_WARN_INFINITE_RECURSION = YES;
				CLANG_WARN_INT_CONVERSION = YES;
				CLANG_WARN_NON_LITERAL_NULL_CONVERSION = YES;
				CLANG_WARN_OBJC_IMPLICIT_RETAIN_SELF = YES;
				CLANG_WARN_OBJC_LITERAL_CONVERSION = YES;
				CLANG_WARN_OBJC_ROOT_CLASS = YES_ERROR;
				CLANG_WARN_QUOTED_INCLUDE_IN_FRAMEWORK_HEADER = YES;
				CLANG_WARN_RANGE_LOOP_ANALYSIS = YES;
				CLANG_WARN_STRICT_PROTOTYPES = YES;
				CLANG_WARN_SUSPICIOUS_MOVE = YES;
				CLANG_WARN_UNGUARDED_AVAILABILITY = YES_AGGRESSIVE;
				CLANG_WARN_UNREACHABLE_CODE = YES;
				CLANG_WARN__DUPLICATE_METHOD_MATCH = YES;
				COPY_PHASE_STRIP = NO;
				CURRENT_PROJECT_VERSION = 1;
				DEBUG_INFORMATION_FORMAT = dwarf;
				ENABLE_STRICT_OBJC_MSGSEND = YES;
				ENABLE_TESTABILITY = YES;
				GCC_C_LANGUAGE_STANDARD = gnu11;
				GCC_DYNAMIC_NO_PIC = NO;
				GCC_NO_COMMON_BLOCKS = YES;
				GCC_OPTIMIZATION_LEVEL = 0;
				GCC_PREPROCESSOR_DEFINITIONS = (
					"DEBUG=1",
					"$(inherited)",
				);
				GCC_WARN_64_TO_32_BIT_CONVERSION = YES;
				GCC_WARN_ABOUT_RETURN_TYPE = YES_ERROR;
				GCC_WARN_UNDECLARED_SELECTOR = YES;
				GCC_WARN_UNINITIALIZED_AUTOS = YES_AGGRESSIVE;
				GCC_WARN_UNUSED_FUNCTION = YES;
				GCC_WARN_UNUSED_VARIABLE = YES;
				IPHONEOS_DEPLOYMENT_TARGET = 16.4;
				MTL_ENABLE_DEBUG_INFO = INCLUDE_SOURCE;
				MTL_FAST_MATH = YES;
				ONLY_ACTIVE_ARCH = YES;
				SDKROOT = iphoneos;
				SWIFT_ACTIVE_COMPILATION_CONDITIONS = DEBUG;
				SWIFT_OPTIMIZATION_LEVEL = "-Onone";
				VERSIONING_SYSTEM = "apple-generic";
				VERSION_INFO_PREFIX = "";
			};
			name = Debug;
		};
		F28C34182AD5BDD000FE4C96 /* Release */ = {
			isa = XCBuildConfiguration;
			buildSettings = {
				ALWAYS_SEARCH_USER_PATHS = NO;
				CLANG_ANALYZER_NONNULL = YES;
				CLANG_ANALYZER_NUMBER_OBJECT_CONVERSION = YES_AGGRESSIVE;
				CLANG_CXX_LANGUAGE_STANDARD = "gnu++20";
				CLANG_ENABLE_MODULES = YES;
				CLANG_ENABLE_OBJC_ARC = YES;
				CLANG_ENABLE_OBJC_WEAK = YES;
				CLANG_WARN_BLOCK_CAPTURE_AUTORELEASING = YES;
				CLANG_WARN_BOOL_CONVERSION = YES;
				CLANG_WARN_COMMA = YES;
				CLANG_WARN_CONSTANT_CONVERSION = YES;
				CLANG_WARN_DEPRECATED_OBJC_IMPLEMENTATIONS = YES;
				CLANG_WARN_DIRECT_OBJC_ISA_USAGE = YES_ERROR;
				CLANG_WARN_DOCUMENTATION_COMMENTS = YES;
				CLANG_WARN_EMPTY_BODY = YES;
				CLANG_WARN_ENUM_CONVERSION = YES;
				CLANG_WARN_INFINITE_RECURSION = YES;
				CLANG_WARN_INT_CONVERSION = YES;
				CLANG_WARN_NON_LITERAL_NULL_CONVERSION = YES;
				CLANG_WARN_OBJC_IMPLICIT_RETAIN_SELF = YES;
				CLANG_WARN_OBJC_LITERAL_CONVERSION = YES;
				CLANG_WARN_OBJC_ROOT_CLASS = YES_ERROR;
				CLANG_WARN_QUOTED_INCLUDE_IN_FRAMEWORK_HEADER = YES;
				CLANG_WARN_RANGE_LOOP_ANALYSIS = YES;
				CLANG_WARN_STRICT_PROTOTYPES = YES;
				CLANG_WARN_SUSPICIOUS_MOVE = YES;
				CLANG_WARN_UNGUARDED_AVAILABILITY = YES_AGGRESSIVE;
				CLANG_WARN_UNREACHABLE_CODE = YES;
				CLANG_WARN__DUPLICATE_METHOD_MATCH = YES;
				COPY_PHASE_STRIP = NO;
				CURRENT_PROJECT_VERSION = 1;
				DEBUG_INFORMATION_FORMAT = "dwarf-with-dsym";
				ENABLE_NS_ASSERTIONS = NO;
				ENABLE_STRICT_OBJC_MSGSEND = YES;
				GCC_C_LANGUAGE_STANDARD = gnu11;
				GCC_NO_COMMON_BLOCKS = YES;
				GCC_WARN_64_TO_32_BIT_CONVERSION = YES;
				GCC_WARN_ABOUT_RETURN_TYPE = YES_ERROR;
				GCC_WARN_UNDECLARED_SELECTOR = YES;
				GCC_WARN_UNINITIALIZED_AUTOS = YES_AGGRESSIVE;
				GCC_WARN_UNUSED_FUNCTION = YES;
				GCC_WARN_UNUSED_VARIABLE = YES;
				IPHONEOS_DEPLOYMENT_TARGET = 16.4;
				MTL_ENABLE_DEBUG_INFO = NO;
				MTL_FAST_MATH = YES;
				SDKROOT = iphoneos;
				SWIFT_COMPILATION_MODE = wholemodule;
				SWIFT_OPTIMIZATION_LEVEL = "-O";
				VALIDATE_PRODUCT = YES;
				VERSIONING_SYSTEM = "apple-generic";
				VERSION_INFO_PREFIX = "";
			};
			name = Release;
		};
		F28C341A2AD5BDD000FE4C96 /* Debug */ = {
			isa = XCBuildConfiguration;
			baseConfigurationReference = 832A58ECD1C13CA1AFA3DB67 /* Pods-KSSpike.debug.xcconfig */;
			buildSettings = {
				CLANG_ENABLE_MODULES = YES;
				CODE_SIGN_STYLE = Automatic;
				CURRENT_PROJECT_VERSION = 1;
				DEFINES_MODULE = YES;
				DYLIB_COMPATIBILITY_VERSION = 1;
				DYLIB_CURRENT_VERSION = 1;
				DYLIB_INSTALL_NAME_BASE = "@rpath";
				ENABLE_MODULE_VERIFIER = YES;
				GENERATE_INFOPLIST_FILE = YES;
				INFOPLIST_KEY_NSHumanReadableCopyright = "";
				INSTALL_PATH = "$(LOCAL_LIBRARY_DIR)/Frameworks";
				LD_RUNPATH_SEARCH_PATHS = (
					"$(inherited)",
					"@executable_path/Frameworks",
					"@loader_path/Frameworks",
				);
				MARKETING_VERSION = 1.0;
				MODULE_VERIFIER_SUPPORTED_LANGUAGES = "objective-c objective-c++";
				MODULE_VERIFIER_SUPPORTED_LANGUAGE_STANDARDS = "gnu11 gnu++20";
				PRODUCT_BUNDLE_IDENTIFIER = com.kevinpsites.KSSpike;
				PRODUCT_NAME = "$(TARGET_NAME:c99extidentifier)";
				SKIP_INSTALL = YES;
				SWIFT_EMIT_LOC_STRINGS = YES;
				SWIFT_OPTIMIZATION_LEVEL = "-Onone";
				SWIFT_VERSION = 5.0;
				TARGETED_DEVICE_FAMILY = "1,2";
			};
			name = Debug;
		};
		F28C341B2AD5BDD000FE4C96 /* Release */ = {
			isa = XCBuildConfiguration;
			baseConfigurationReference = 9408CE665A24A2871047566C /* Pods-KSSpike.release.xcconfig */;
			buildSettings = {
				CLANG_ENABLE_MODULES = YES;
				CODE_SIGN_STYLE = Automatic;
				CURRENT_PROJECT_VERSION = 1;
				DEFINES_MODULE = YES;
				DYLIB_COMPATIBILITY_VERSION = 1;
				DYLIB_CURRENT_VERSION = 1;
				DYLIB_INSTALL_NAME_BASE = "@rpath";
				ENABLE_MODULE_VERIFIER = YES;
				GENERATE_INFOPLIST_FILE = YES;
				INFOPLIST_KEY_NSHumanReadableCopyright = "";
				INSTALL_PATH = "$(LOCAL_LIBRARY_DIR)/Frameworks";
				LD_RUNPATH_SEARCH_PATHS = (
					"$(inherited)",
					"@executable_path/Frameworks",
					"@loader_path/Frameworks",
				);
				MARKETING_VERSION = 1.0;
				MODULE_VERIFIER_SUPPORTED_LANGUAGES = "objective-c objective-c++";
				MODULE_VERIFIER_SUPPORTED_LANGUAGE_STANDARDS = "gnu11 gnu++20";
				PRODUCT_BUNDLE_IDENTIFIER = com.kevinpsites.KSSpike;
				PRODUCT_NAME = "$(TARGET_NAME:c99extidentifier)";
				SKIP_INSTALL = YES;
				SWIFT_EMIT_LOC_STRINGS = YES;
				SWIFT_VERSION = 5.0;
				TARGETED_DEVICE_FAMILY = "1,2";
			};
			name = Release;
		};
/* End XCBuildConfiguration section */

/* Begin XCConfigurationList section */
		F28C340C2AD5BDD000FE4C96 /* Build configuration list for PBXProject "KSSpike" */ = {
			isa = XCConfigurationList;
			buildConfigurations = (
				F28C34172AD5BDD000FE4C96 /* Debug */,
				F28C34182AD5BDD000FE4C96 /* Release */,
			);
			defaultConfigurationIsVisible = 0;
			defaultConfigurationName = Release;
		};
		F28C34192AD5BDD000FE4C96 /* Build configuration list for PBXNativeTarget "KSSpike" */ = {
			isa = XCConfigurationList;
			buildConfigurations = (
				F28C341A2AD5BDD000FE4C96 /* Debug */,
				F28C341B2AD5BDD000FE4C96 /* Release */,
			);
			defaultConfigurationIsVisible = 0;
			defaultConfigurationName = Release;
		};
/* End XCConfigurationList section */
	};
	rootObject = F28C34092AD5BDD000FE4C96 /* Project object */;
}
